// !$*UTF8*$!
{
	archiveVersion = 1;
	classes = {
	};
	objectVersion = 52;
	objects = {

/* Begin PBXBuildFile section */
		4623A24F256C21C20003FE97 /* FormValidations.swift in Sources */ = {isa = PBXBuildFile; fileRef = 4623A24E256C21C20003FE97 /* FormValidations.swift */; };
		464DA89F25700DAD0017DFF6 /* CategoryCollectionViewCell_TableModel.swift in Sources */ = {isa = PBXBuildFile; fileRef = 464DA89E25700DAD0017DFF6 /* CategoryCollectionViewCell_TableModel.swift */; };
		465C6C902573C58E0006B5EC /* AllBudgetTransactionParentViewController.swift in Sources */ = {isa = PBXBuildFile; fileRef = 465C6C8F2573C58E0006B5EC /* AllBudgetTransactionParentViewController.swift */; };
		4660F9D2256D7E4A00A372C5 /* DatabaseManager.swift in Sources */ = {isa = PBXBuildFile; fileRef = 4660F9D1256D7E4A00A372C5 /* DatabaseManager.swift */; };
		4662B3C02566620400F8C48B /* NextViewController.swift in Sources */ = {isa = PBXBuildFile; fileRef = 4662B3BF2566620400F8C48B /* NextViewController.swift */; };
		46737A6E25780F4B00768273 /* homeAnalyticsModel.swift in Sources */ = {isa = PBXBuildFile; fileRef = 46737A6D25780F4B00768273 /* homeAnalyticsModel.swift */; };
		46737A732578CAC900768273 /* sortingFile.swift in Sources */ = {isa = PBXBuildFile; fileRef = 46737A722578CAC900768273 /* sortingFile.swift */; };
		467F53002570BA18005E6DAE /* GradientHorizontalProgressBar.swift in Sources */ = {isa = PBXBuildFile; fileRef = 467F52FF2570BA18005E6DAE /* GradientHorizontalProgressBar.swift */; };
		467F53082570BAD5005E6DAE /* Budget_CustomTableViewCell.swift in Sources */ = {isa = PBXBuildFile; fileRef = 467F53072570BAD5005E6DAE /* Budget_CustomTableViewCell.swift */; };
		467F53262571510C005E6DAE /* AllTransactionsViewController.swift in Sources */ = {isa = PBXBuildFile; fileRef = 467F53252571510C005E6DAE /* AllTransactionsViewController.swift */; };
		467F532B25715177005E6DAE /* AllTransactionsModel.swift in Sources */ = {isa = PBXBuildFile; fileRef = 467F532A25715177005E6DAE /* AllTransactionsModel.swift */; };
		4688165C25715B79006D52D0 /* AllTransactionsTableViewCell.swift in Sources */ = {isa = PBXBuildFile; fileRef = 4688165B25715B79006D52D0 /* AllTransactionsTableViewCell.swift */; };
		46937956257742F8000F5326 /* AllBudgetTransactionModel.swift in Sources */ = {isa = PBXBuildFile; fileRef = 46937955257742F8000F5326 /* AllBudgetTransactionModel.swift */; };
		4693795B2577474E000F5326 /* AllBudgetView.swift in Sources */ = {isa = PBXBuildFile; fileRef = 4693795A2577474E000F5326 /* AllBudgetView.swift */; };
		46A3D6342577E127007BFCF2 /* CareKitStore in Frameworks */ = {isa = PBXBuildFile; productRef = 46A3D6332577E127007BFCF2 /* CareKitStore */; };
		46A3D6362577E127007BFCF2 /* CareKit in Frameworks */ = {isa = PBXBuildFile; productRef = 46A3D6352577E127007BFCF2 /* CareKit */; };
		46A3D6382577E127007BFCF2 /* CareKitUI in Frameworks */ = {isa = PBXBuildFile; productRef = 46A3D6372577E127007BFCF2 /* CareKitUI */; };
		46A3D63D2577E933007BFCF2 /* homeAnalyticsViewController.swift in Sources */ = {isa = PBXBuildFile; fileRef = 46A3D63C2577E933007BFCF2 /* homeAnalyticsViewController.swift */; };
		46A3D6502577F06F007BFCF2 /* Analytics.swift in Sources */ = {isa = PBXBuildFile; fileRef = 46A3D64F2577F06F007BFCF2 /* Analytics.swift */; };
		46B9307C25729EF9003F1C61 /* selectCategory.swift in Sources */ = {isa = PBXBuildFile; fileRef = 46B9307B25729EF9003F1C61 /* selectCategory.swift */; };
		46D764352572D274007ABD49 /* SelectBudgetViewController.swift in Sources */ = {isa = PBXBuildFile; fileRef = 46D764342572D274007ABD49 /* SelectBudgetViewController.swift */; };
		46D7643A2572D30A007ABD49 /* SelectBudgetModel.swift in Sources */ = {isa = PBXBuildFile; fileRef = 46D764392572D30A007ABD49 /* SelectBudgetModel.swift */; };
		46D7BB362572575A00AEC083 /* TransactionCollectionViewCell.swift in Sources */ = {isa = PBXBuildFile; fileRef = 46D7BB352572575A00AEC083 /* TransactionCollectionViewCell.swift */; };
		46DE247F25665E1E001A9415 /* AppDelegate.swift in Sources */ = {isa = PBXBuildFile; fileRef = 46DE247E25665E1E001A9415 /* AppDelegate.swift */; };
		46DE248125665E1E001A9415 /* SceneDelegate.swift in Sources */ = {isa = PBXBuildFile; fileRef = 46DE248025665E1E001A9415 /* SceneDelegate.swift */; };
		46DE248325665E1E001A9415 /* HomeViewController.swift in Sources */ = {isa = PBXBuildFile; fileRef = 46DE248225665E1E001A9415 /* HomeViewController.swift */; };
		46DE248625665E1E001A9415 /* Main.storyboard in Resources */ = {isa = PBXBuildFile; fileRef = 46DE248425665E1E001A9415 /* Main.storyboard */; };
		46DE248925665E1E001A9415 /* BudgetOS.xcdatamodeld in Sources */ = {isa = PBXBuildFile; fileRef = 46DE248725665E1E001A9415 /* BudgetOS.xcdatamodeld */; };
		46DE248B25665E20001A9415 /* Assets.xcassets in Resources */ = {isa = PBXBuildFile; fileRef = 46DE248A25665E20001A9415 /* Assets.xcassets */; };
		46DE248E25665E20001A9415 /* LaunchScreen.storyboard in Resources */ = {isa = PBXBuildFile; fileRef = 46DE248C25665E20001A9415 /* LaunchScreen.storyboard */; };
		46DE249925665E20001A9415 /* BudgetOSTests.swift in Sources */ = {isa = PBXBuildFile; fileRef = 46DE249825665E20001A9415 /* BudgetOSTests.swift */; };
		46DE24A425665E20001A9415 /* BudgetOSUITests.swift in Sources */ = {isa = PBXBuildFile; fileRef = 46DE24A325665E20001A9415 /* BudgetOSUITests.swift */; };
		46F0C20425679F8000B0FCEA /* HomeView_DashboardView.swift in Sources */ = {isa = PBXBuildFile; fileRef = 46F0C20325679F8000B0FCEA /* HomeView_DashboardView.swift */; };
		46F0C20A2567ACD600B0FCEA /* viewExtensions.swift in Sources */ = {isa = PBXBuildFile; fileRef = 46F0C2092567ACD600B0FCEA /* viewExtensions.swift */; };
		46F0C2172567E5ED00B0FCEA /* CustomProperties.swift in Sources */ = {isa = PBXBuildFile; fileRef = 46F0C2162567E5ED00B0FCEA /* CustomProperties.swift */; };
		46F0C2212568140300B0FCEA /* CategoryStruct.swift in Sources */ = {isa = PBXBuildFile; fileRef = 46F0C2202568140300B0FCEA /* CategoryStruct.swift */; };
		46F0C2262568162500B0FCEA /* Transactions.swift in Sources */ = {isa = PBXBuildFile; fileRef = 46F0C2252568162500B0FCEA /* Transactions.swift */; };
		46F0C22B25681E2500B0FCEA /* HomeView_TableViewTableViewCell.swift in Sources */ = {isa = PBXBuildFile; fileRef = 46F0C22A25681E2500B0FCEA /* HomeView_TableViewTableViewCell.swift */; };
		46F0C2302568A5BD00B0FCEA /* AddBudgetModel.swift in Sources */ = {isa = PBXBuildFile; fileRef = 46F0C22F2568A5BD00B0FCEA /* AddBudgetModel.swift */; };
		46F0C2352568A84B00B0FCEA /* AddCategory_baseCardView.swift in Sources */ = {isa = PBXBuildFile; fileRef = 46F0C2342568A84B00B0FCEA /* AddCategory_baseCardView.swift */; };
		46F0C23A25691CB300B0FCEA /* HomeViewModelManager.swift in Sources */ = {isa = PBXBuildFile; fileRef = 46F0C23925691CB200B0FCEA /* HomeViewModelManager.swift */; };
		46F0C23F25691FA500B0FCEA /* HomeView_Dashboard_1_CollectionViewCell.swift in Sources */ = {isa = PBXBuildFile; fileRef = 46F0C23E25691FA500B0FCEA /* HomeView_Dashboard_1_CollectionViewCell.swift */; };
		46F0C244256929AE00B0FCEA /* BudgetCollectionViewCell.swift in Sources */ = {isa = PBXBuildFile; fileRef = 46F0C243256929AD00B0FCEA /* BudgetCollectionViewCell.swift */; };
		46F0C252256A315400B0FCEA /* showFullBudgetTableViewController.swift in Sources */ = {isa = PBXBuildFile; fileRef = 46F0C251256A315400B0FCEA /* showFullBudgetTableViewController.swift */; };
		46F0C257256A33E000B0FCEA /* showFullBudgetTableModel.swift in Sources */ = {isa = PBXBuildFile; fileRef = 46F0C256256A33E000B0FCEA /* showFullBudgetTableModel.swift */; };
		46F0C25C256A3C5900B0FCEA /* AddCategory_TableViewCell.swift in Sources */ = {isa = PBXBuildFile; fileRef = 46F0C25B256A3C5900B0FCEA /* AddCategory_TableViewCell.swift */; };
		46F0C261256A755700B0FCEA /* AddTransactionViewController.swift in Sources */ = {isa = PBXBuildFile; fileRef = 46F0C260256A755700B0FCEA /* AddTransactionViewController.swift */; };
		46F0C266256A761700B0FCEA /* AddTransactionModel.swift in Sources */ = {isa = PBXBuildFile; fileRef = 46F0C265256A761700B0FCEA /* AddTransactionModel.swift */; };
		46F0C26B256A769500B0FCEA /* AddTransaction_baseCardView.swift in Sources */ = {isa = PBXBuildFile; fileRef = 46F0C26A256A769500B0FCEA /* AddTransaction_baseCardView.swift */; };
		46F0C270256AA5B900B0FCEA /* TransactionsTableViewCell.swift in Sources */ = {isa = PBXBuildFile; fileRef = 46F0C26F256AA5B900B0FCEA /* TransactionsTableViewCell.swift */; };
		50D865041F968AB871A83BD3 /* Pods_BudgetOS.framework in Frameworks */ = {isa = PBXBuildFile; fileRef = 7B615AE3788EA968175C6AE0 /* Pods_BudgetOS.framework */; };
		954ACA5EA0C174E618412BD4 /* Pods_BudgetOSTests.framework in Frameworks */ = {isa = PBXBuildFile; fileRef = 9F49904BA4217A96FFE377D7 /* Pods_BudgetOSTests.framework */; };
		C2DD6899C432C442502AADBF /* Pods_BudgetOS_BudgetOSUITests.framework in Frameworks */ = {isa = PBXBuildFile; fileRef = E3AEEC049F84AE2BEA6BE050 /* Pods_BudgetOS_BudgetOSUITests.framework */; };
/* End PBXBuildFile section */

/* Begin PBXContainerItemProxy section */
		46DE249525665E20001A9415 /* PBXContainerItemProxy */ = {
			isa = PBXContainerItemProxy;
			containerPortal = 46DE247325665E1E001A9415 /* Project object */;
			proxyType = 1;
			remoteGlobalIDString = 46DE247A25665E1E001A9415;
			remoteInfo = BudgetOS;
		};
		46DE24A025665E20001A9415 /* PBXContainerItemProxy */ = {
			isa = PBXContainerItemProxy;
			containerPortal = 46DE247325665E1E001A9415 /* Project object */;
			proxyType = 1;
			remoteGlobalIDString = 46DE247A25665E1E001A9415;
			remoteInfo = BudgetOS;
		};
/* End PBXContainerItemProxy section */

/* Begin PBXFileReference section */
		0340046BBE96FF105DCF8E36 /* Pods-BudgetOS.debug.xcconfig */ = {isa = PBXFileReference; includeInIndex = 1; lastKnownFileType = text.xcconfig; name = "Pods-BudgetOS.debug.xcconfig"; path = "Target Support Files/Pods-BudgetOS/Pods-BudgetOS.debug.xcconfig"; sourceTree = "<group>"; };
		1D2097B3570DCBBD20C325C2 /* Pods-BudgetOS-BudgetOSUITests.debug.xcconfig */ = {isa = PBXFileReference; includeInIndex = 1; lastKnownFileType = text.xcconfig; name = "Pods-BudgetOS-BudgetOSUITests.debug.xcconfig"; path = "Target Support Files/Pods-BudgetOS-BudgetOSUITests/Pods-BudgetOS-BudgetOSUITests.debug.xcconfig"; sourceTree = "<group>"; };
		3DAA4A618D386AAFE755C093 /* Pods-BudgetOSTests.release.xcconfig */ = {isa = PBXFileReference; includeInIndex = 1; lastKnownFileType = text.xcconfig; name = "Pods-BudgetOSTests.release.xcconfig"; path = "Target Support Files/Pods-BudgetOSTests/Pods-BudgetOSTests.release.xcconfig"; sourceTree = "<group>"; };
		4623A24E256C21C20003FE97 /* FormValidations.swift */ = {isa = PBXFileReference; lastKnownFileType = sourcecode.swift; path = FormValidations.swift; sourceTree = "<group>"; };
		464DA89E25700DAD0017DFF6 /* CategoryCollectionViewCell_TableModel.swift */ = {isa = PBXFileReference; lastKnownFileType = sourcecode.swift; path = CategoryCollectionViewCell_TableModel.swift; sourceTree = "<group>"; };
		465C6C8F2573C58E0006B5EC /* AllBudgetTransactionParentViewController.swift */ = {isa = PBXFileReference; lastKnownFileType = sourcecode.swift; path = AllBudgetTransactionParentViewController.swift; sourceTree = "<group>"; };
		4660F9D1256D7E4A00A372C5 /* DatabaseManager.swift */ = {isa = PBXFileReference; lastKnownFileType = sourcecode.swift; path = DatabaseManager.swift; sourceTree = "<group>"; };
		4662B3BF2566620400F8C48B /* NextViewController.swift */ = {isa = PBXFileReference; lastKnownFileType = sourcecode.swift; path = NextViewController.swift; sourceTree = "<group>"; };
		46737A6D25780F4B00768273 /* homeAnalyticsModel.swift */ = {isa = PBXFileReference; lastKnownFileType = sourcecode.swift; path = homeAnalyticsModel.swift; sourceTree = "<group>"; };
		46737A722578CAC900768273 /* sortingFile.swift */ = {isa = PBXFileReference; lastKnownFileType = sourcecode.swift; path = sortingFile.swift; sourceTree = "<group>"; };
		467F52FF2570BA18005E6DAE /* GradientHorizontalProgressBar.swift */ = {isa = PBXFileReference; lastKnownFileType = sourcecode.swift; path = GradientHorizontalProgressBar.swift; sourceTree = "<group>"; };
		467F53072570BAD5005E6DAE /* Budget_CustomTableViewCell.swift */ = {isa = PBXFileReference; lastKnownFileType = sourcecode.swift; path = Budget_CustomTableViewCell.swift; sourceTree = "<group>"; };
		467F53252571510C005E6DAE /* AllTransactionsViewController.swift */ = {isa = PBXFileReference; lastKnownFileType = sourcecode.swift; path = AllTransactionsViewController.swift; sourceTree = "<group>"; };
		467F532A25715177005E6DAE /* AllTransactionsModel.swift */ = {isa = PBXFileReference; lastKnownFileType = sourcecode.swift; path = AllTransactionsModel.swift; sourceTree = "<group>"; };
		4688165B25715B79006D52D0 /* AllTransactionsTableViewCell.swift */ = {isa = PBXFileReference; lastKnownFileType = sourcecode.swift; path = AllTransactionsTableViewCell.swift; sourceTree = "<group>"; };
		46937955257742F8000F5326 /* AllBudgetTransactionModel.swift */ = {isa = PBXFileReference; lastKnownFileType = sourcecode.swift; path = AllBudgetTransactionModel.swift; sourceTree = "<group>"; };
		4693795A2577474E000F5326 /* AllBudgetView.swift */ = {isa = PBXFileReference; lastKnownFileType = sourcecode.swift; path = AllBudgetView.swift; sourceTree = "<group>"; };
		46A3D63C2577E933007BFCF2 /* homeAnalyticsViewController.swift */ = {isa = PBXFileReference; lastKnownFileType = sourcecode.swift; path = homeAnalyticsViewController.swift; sourceTree = "<group>"; };
		46A3D64F2577F06F007BFCF2 /* Analytics.swift */ = {isa = PBXFileReference; lastKnownFileType = sourcecode.swift; path = Analytics.swift; sourceTree = "<group>"; };
		46B9307B25729EF9003F1C61 /* selectCategory.swift */ = {isa = PBXFileReference; lastKnownFileType = sourcecode.swift; path = selectCategory.swift; sourceTree = "<group>"; };
		46D764342572D274007ABD49 /* SelectBudgetViewController.swift */ = {isa = PBXFileReference; lastKnownFileType = sourcecode.swift; path = SelectBudgetViewController.swift; sourceTree = "<group>"; };
		46D764392572D30A007ABD49 /* SelectBudgetModel.swift */ = {isa = PBXFileReference; lastKnownFileType = sourcecode.swift; path = SelectBudgetModel.swift; sourceTree = "<group>"; };
		46D7BB352572575A00AEC083 /* TransactionCollectionViewCell.swift */ = {isa = PBXFileReference; lastKnownFileType = sourcecode.swift; path = TransactionCollectionViewCell.swift; sourceTree = "<group>"; };
		46DE247B25665E1E001A9415 /* BudgetOS.app */ = {isa = PBXFileReference; explicitFileType = wrapper.application; includeInIndex = 0; path = BudgetOS.app; sourceTree = BUILT_PRODUCTS_DIR; };
		46DE247E25665E1E001A9415 /* AppDelegate.swift */ = {isa = PBXFileReference; lastKnownFileType = sourcecode.swift; path = AppDelegate.swift; sourceTree = "<group>"; };
		46DE248025665E1E001A9415 /* SceneDelegate.swift */ = {isa = PBXFileReference; lastKnownFileType = sourcecode.swift; path = SceneDelegate.swift; sourceTree = "<group>"; };
		46DE248225665E1E001A9415 /* HomeViewController.swift */ = {isa = PBXFileReference; lastKnownFileType = sourcecode.swift; path = HomeViewController.swift; sourceTree = "<group>"; };
		46DE248525665E1E001A9415 /* Base */ = {isa = PBXFileReference; lastKnownFileType = file.storyboard; name = Base; path = Base.lproj/Main.storyboard; sourceTree = "<group>"; };
		46DE248825665E1E001A9415 /* BudgetOS.xcdatamodel */ = {isa = PBXFileReference; lastKnownFileType = wrapper.xcdatamodel; path = BudgetOS.xcdatamodel; sourceTree = "<group>"; };
		46DE248A25665E20001A9415 /* Assets.xcassets */ = {isa = PBXFileReference; lastKnownFileType = folder.assetcatalog; path = Assets.xcassets; sourceTree = "<group>"; };
		46DE248D25665E20001A9415 /* Base */ = {isa = PBXFileReference; lastKnownFileType = file.storyboard; name = Base; path = Base.lproj/LaunchScreen.storyboard; sourceTree = "<group>"; };
		46DE248F25665E20001A9415 /* Info.plist */ = {isa = PBXFileReference; lastKnownFileType = text.plist.xml; path = Info.plist; sourceTree = "<group>"; };
		46DE249425665E20001A9415 /* BudgetOSTests.xctest */ = {isa = PBXFileReference; explicitFileType = wrapper.cfbundle; includeInIndex = 0; path = BudgetOSTests.xctest; sourceTree = BUILT_PRODUCTS_DIR; };
		46DE249825665E20001A9415 /* BudgetOSTests.swift */ = {isa = PBXFileReference; lastKnownFileType = sourcecode.swift; path = BudgetOSTests.swift; sourceTree = "<group>"; };
		46DE249A25665E20001A9415 /* Info.plist */ = {isa = PBXFileReference; lastKnownFileType = text.plist.xml; path = Info.plist; sourceTree = "<group>"; };
		46DE249F25665E20001A9415 /* BudgetOSUITests.xctest */ = {isa = PBXFileReference; explicitFileType = wrapper.cfbundle; includeInIndex = 0; path = BudgetOSUITests.xctest; sourceTree = BUILT_PRODUCTS_DIR; };
		46DE24A325665E20001A9415 /* BudgetOSUITests.swift */ = {isa = PBXFileReference; lastKnownFileType = sourcecode.swift; path = BudgetOSUITests.swift; sourceTree = "<group>"; };
		46DE24A525665E20001A9415 /* Info.plist */ = {isa = PBXFileReference; lastKnownFileType = text.plist.xml; path = Info.plist; sourceTree = "<group>"; };
		46F0C20325679F8000B0FCEA /* HomeView_DashboardView.swift */ = {isa = PBXFileReference; lastKnownFileType = sourcecode.swift; path = HomeView_DashboardView.swift; sourceTree = "<group>"; };
		46F0C2092567ACD600B0FCEA /* viewExtensions.swift */ = {isa = PBXFileReference; lastKnownFileType = sourcecode.swift; path = viewExtensions.swift; sourceTree = "<group>"; };
		46F0C2162567E5ED00B0FCEA /* CustomProperties.swift */ = {isa = PBXFileReference; lastKnownFileType = sourcecode.swift; path = CustomProperties.swift; sourceTree = "<group>"; };
		46F0C2202568140300B0FCEA /* CategoryStruct.swift */ = {isa = PBXFileReference; lastKnownFileType = sourcecode.swift; path = CategoryStruct.swift; sourceTree = "<group>"; };
		46F0C2252568162500B0FCEA /* Transactions.swift */ = {isa = PBXFileReference; lastKnownFileType = sourcecode.swift; path = Transactions.swift; sourceTree = "<group>"; };
		46F0C22A25681E2500B0FCEA /* HomeView_TableViewTableViewCell.swift */ = {isa = PBXFileReference; lastKnownFileType = sourcecode.swift; path = HomeView_TableViewTableViewCell.swift; sourceTree = "<group>"; };
		46F0C22F2568A5BD00B0FCEA /* AddBudgetModel.swift */ = {isa = PBXFileReference; lastKnownFileType = sourcecode.swift; path = AddBudgetModel.swift; sourceTree = "<group>"; };
		46F0C2342568A84B00B0FCEA /* AddCategory_baseCardView.swift */ = {isa = PBXFileReference; lastKnownFileType = sourcecode.swift; path = AddCategory_baseCardView.swift; sourceTree = "<group>"; };
		46F0C23925691CB200B0FCEA /* HomeViewModelManager.swift */ = {isa = PBXFileReference; lastKnownFileType = sourcecode.swift; path = HomeViewModelManager.swift; sourceTree = "<group>"; };
		46F0C23E25691FA500B0FCEA /* HomeView_Dashboard_1_CollectionViewCell.swift */ = {isa = PBXFileReference; lastKnownFileType = sourcecode.swift; path = HomeView_Dashboard_1_CollectionViewCell.swift; sourceTree = "<group>"; };
		46F0C243256929AD00B0FCEA /* BudgetCollectionViewCell.swift */ = {isa = PBXFileReference; lastKnownFileType = sourcecode.swift; path = BudgetCollectionViewCell.swift; sourceTree = "<group>"; };
		46F0C251256A315400B0FCEA /* showFullBudgetTableViewController.swift */ = {isa = PBXFileReference; lastKnownFileType = sourcecode.swift; path = showFullBudgetTableViewController.swift; sourceTree = "<group>"; };
		46F0C256256A33E000B0FCEA /* showFullBudgetTableModel.swift */ = {isa = PBXFileReference; lastKnownFileType = sourcecode.swift; path = showFullBudgetTableModel.swift; sourceTree = "<group>"; };
		46F0C25B256A3C5900B0FCEA /* AddCategory_TableViewCell.swift */ = {isa = PBXFileReference; lastKnownFileType = sourcecode.swift; path = AddCategory_TableViewCell.swift; sourceTree = "<group>"; };
		46F0C260256A755700B0FCEA /* AddTransactionViewController.swift */ = {isa = PBXFileReference; lastKnownFileType = sourcecode.swift; path = AddTransactionViewController.swift; sourceTree = "<group>"; };
		46F0C265256A761700B0FCEA /* AddTransactionModel.swift */ = {isa = PBXFileReference; lastKnownFileType = sourcecode.swift; path = AddTransactionModel.swift; sourceTree = "<group>"; };
		46F0C26A256A769500B0FCEA /* AddTransaction_baseCardView.swift */ = {isa = PBXFileReference; lastKnownFileType = sourcecode.swift; path = AddTransaction_baseCardView.swift; sourceTree = "<group>"; };
		46F0C26F256AA5B900B0FCEA /* TransactionsTableViewCell.swift */ = {isa = PBXFileReference; lastKnownFileType = sourcecode.swift; path = TransactionsTableViewCell.swift; sourceTree = "<group>"; };
		5B0641B2FF0B6B0AB2F71D85 /* Pods-BudgetOS-BudgetOSUITests.release.xcconfig */ = {isa = PBXFileReference; includeInIndex = 1; lastKnownFileType = text.xcconfig; name = "Pods-BudgetOS-BudgetOSUITests.release.xcconfig"; path = "Target Support Files/Pods-BudgetOS-BudgetOSUITests/Pods-BudgetOS-BudgetOSUITests.release.xcconfig"; sourceTree = "<group>"; };
		6B5A3D9B1E7D509579ABDA68 /* Pods-BudgetOSTests.debug.xcconfig */ = {isa = PBXFileReference; includeInIndex = 1; lastKnownFileType = text.xcconfig; name = "Pods-BudgetOSTests.debug.xcconfig"; path = "Target Support Files/Pods-BudgetOSTests/Pods-BudgetOSTests.debug.xcconfig"; sourceTree = "<group>"; };
		7B615AE3788EA968175C6AE0 /* Pods_BudgetOS.framework */ = {isa = PBXFileReference; explicitFileType = wrapper.framework; includeInIndex = 0; path = Pods_BudgetOS.framework; sourceTree = BUILT_PRODUCTS_DIR; };
		9F49904BA4217A96FFE377D7 /* Pods_BudgetOSTests.framework */ = {isa = PBXFileReference; explicitFileType = wrapper.framework; includeInIndex = 0; path = Pods_BudgetOSTests.framework; sourceTree = BUILT_PRODUCTS_DIR; };
		E3AEEC049F84AE2BEA6BE050 /* Pods_BudgetOS_BudgetOSUITests.framework */ = {isa = PBXFileReference; explicitFileType = wrapper.framework; includeInIndex = 0; path = Pods_BudgetOS_BudgetOSUITests.framework; sourceTree = BUILT_PRODUCTS_DIR; };
		EB27ACBC4A6DA255328DE3D0 /* Pods-BudgetOS.release.xcconfig */ = {isa = PBXFileReference; includeInIndex = 1; lastKnownFileType = text.xcconfig; name = "Pods-BudgetOS.release.xcconfig"; path = "Target Support Files/Pods-BudgetOS/Pods-BudgetOS.release.xcconfig"; sourceTree = "<group>"; };
/* End PBXFileReference section */

/* Begin PBXFrameworksBuildPhase section */
		46DE247825665E1E001A9415 /* Frameworks */ = {
			isa = PBXFrameworksBuildPhase;
			buildActionMask = 2147483647;
			files = (
				46A3D6362577E127007BFCF2 /* CareKit in Frameworks */,
				46A3D6342577E127007BFCF2 /* CareKitStore in Frameworks */,
				46A3D6382577E127007BFCF2 /* CareKitUI in Frameworks */,
				50D865041F968AB871A83BD3 /* Pods_BudgetOS.framework in Frameworks */,
			);
			runOnlyForDeploymentPostprocessing = 0;
		};
		46DE249125665E20001A9415 /* Frameworks */ = {
			isa = PBXFrameworksBuildPhase;
			buildActionMask = 2147483647;
			files = (
				954ACA5EA0C174E618412BD4 /* Pods_BudgetOSTests.framework in Frameworks */,
			);
			runOnlyForDeploymentPostprocessing = 0;
		};
		46DE249C25665E20001A9415 /* Frameworks */ = {
			isa = PBXFrameworksBuildPhase;
			buildActionMask = 2147483647;
			files = (
				C2DD6899C432C442502AADBF /* Pods_BudgetOS_BudgetOSUITests.framework in Frameworks */,
			);
			runOnlyForDeploymentPostprocessing = 0;
		};
/* End PBXFrameworksBuildPhase section */

/* Begin PBXGroup section */
		4660F9D0256D7E2500A372C5 /* Database */ = {
			isa = PBXGroup;
			children = (
				4660F9D1256D7E4A00A372C5 /* DatabaseManager.swift */,
			);
			path = Database;
			sourceTree = "<group>";
		};
		467F52FE2570BA00005E6DAE /* progressBarViews */ = {
			isa = PBXGroup;
			children = (
				467F52FF2570BA18005E6DAE /* GradientHorizontalProgressBar.swift */,
			);
			path = progressBarViews;
			sourceTree = "<group>";
		};
		467F530C2570C5F9005E6DAE /* CustomCells */ = {
			isa = PBXGroup;
			children = (
				46F0C243256929AD00B0FCEA /* BudgetCollectionViewCell.swift */,
				46F0C25B256A3C5900B0FCEA /* AddCategory_TableViewCell.swift */,
				46F0C26F256AA5B900B0FCEA /* TransactionsTableViewCell.swift */,
				46F0C22A25681E2500B0FCEA /* HomeView_TableViewTableViewCell.swift */,
				46F0C23E25691FA500B0FCEA /* HomeView_Dashboard_1_CollectionViewCell.swift */,
				467F53072570BAD5005E6DAE /* Budget_CustomTableViewCell.swift */,
				4688165B25715B79006D52D0 /* AllTransactionsTableViewCell.swift */,
				46D7BB352572575A00AEC083 /* TransactionCollectionViewCell.swift */,
			);
			path = CustomCells;
			sourceTree = "<group>";
		};
		46A3D6482577F058007BFCF2 /* CodePush */ = {
			isa = PBXGroup;
			children = (
				46A3D64F2577F06F007BFCF2 /* Analytics.swift */,
			);
			path = CodePush;
			sourceTree = "<group>";
		};
		46DE247225665E1E001A9415 = {
			isa = PBXGroup;
			children = (
				46DE247D25665E1E001A9415 /* BudgetOS */,
				46DE249725665E20001A9415 /* BudgetOSTests */,
				46DE24A225665E20001A9415 /* BudgetOSUITests */,
				46DE247C25665E1E001A9415 /* Products */,
				BB2576984042B67F6BFFCA61 /* Pods */,
				6F31A27DFF92B0E369323754 /* Frameworks */,
			);
			sourceTree = "<group>";
		};
		46DE247C25665E1E001A9415 /* Products */ = {
			isa = PBXGroup;
			children = (
				46DE247B25665E1E001A9415 /* BudgetOS.app */,
				46DE249425665E20001A9415 /* BudgetOSTests.xctest */,
				46DE249F25665E20001A9415 /* BudgetOSUITests.xctest */,
			);
			name = Products;
			sourceTree = "<group>";
		};
		46DE247D25665E1E001A9415 /* BudgetOS */ = {
			isa = PBXGroup;
			children = (
				46A3D6482577F058007BFCF2 /* CodePush */,
				4660F9D0256D7E2500A372C5 /* Database */,
				46F0C2082567ACB500B0FCEA /* extensions */,
				46DE24B825665ECB001A9415 /* Storyboard */,
				46DE24B725665EBE001A9415 /* AppFile */,
				46DE24B625665EA9001A9415 /* ViewController */,
				46DE24B525665EA0001A9415 /* View */,
				46DE24B425665E98001A9415 /* Model */,
				46DE248A25665E20001A9415 /* Assets.xcassets */,
				46DE248F25665E20001A9415 /* Info.plist */,
				46DE248725665E1E001A9415 /* BudgetOS.xcdatamodeld */,
			);
			path = BudgetOS;
			sourceTree = "<group>";
		};
		46DE249725665E20001A9415 /* BudgetOSTests */ = {
			isa = PBXGroup;
			children = (
				46DE249825665E20001A9415 /* BudgetOSTests.swift */,
				46DE249A25665E20001A9415 /* Info.plist */,
			);
			path = BudgetOSTests;
			sourceTree = "<group>";
		};
		46DE24A225665E20001A9415 /* BudgetOSUITests */ = {
			isa = PBXGroup;
			children = (
				46DE24A325665E20001A9415 /* BudgetOSUITests.swift */,
				46DE24A525665E20001A9415 /* Info.plist */,
			);
			path = BudgetOSUITests;
			sourceTree = "<group>";
		};
		46DE24B425665E98001A9415 /* Model */ = {
			isa = PBXGroup;
			children = (
				46F0C2162567E5ED00B0FCEA /* CustomProperties.swift */,
				46F0C2202568140300B0FCEA /* CategoryStruct.swift */,
				46F0C2252568162500B0FCEA /* Transactions.swift */,
				46F0C22F2568A5BD00B0FCEA /* AddBudgetModel.swift */,
				46F0C23925691CB200B0FCEA /* HomeViewModelManager.swift */,
				46F0C256256A33E000B0FCEA /* showFullBudgetTableModel.swift */,
				46F0C265256A761700B0FCEA /* AddTransactionModel.swift */,
				4623A24E256C21C20003FE97 /* FormValidations.swift */,
				464DA89E25700DAD0017DFF6 /* CategoryCollectionViewCell_TableModel.swift */,
				467F532A25715177005E6DAE /* AllTransactionsModel.swift */,
				46D764392572D30A007ABD49 /* SelectBudgetModel.swift */,
				46937955257742F8000F5326 /* AllBudgetTransactionModel.swift */,
				46737A6D25780F4B00768273 /* homeAnalyticsModel.swift */,
				46737A722578CAC900768273 /* sortingFile.swift */,
			);
			path = Model;
			sourceTree = "<group>";
		};
		46DE24B525665EA0001A9415 /* View */ = {
			isa = PBXGroup;
			children = (
				467F530C2570C5F9005E6DAE /* CustomCells */,
				467F52FE2570BA00005E6DAE /* progressBarViews */,
				46F0C2342568A84B00B0FCEA /* AddCategory_baseCardView.swift */,
				46F0C20325679F8000B0FCEA /* HomeView_DashboardView.swift */,
				46F0C26A256A769500B0FCEA /* AddTransaction_baseCardView.swift */,
				46B9307B25729EF9003F1C61 /* selectCategory.swift */,
				4693795A2577474E000F5326 /* AllBudgetView.swift */,
			);
			path = View;
			sourceTree = "<group>";
		};
		46DE24B625665EA9001A9415 /* ViewController */ = {
			isa = PBXGroup;
			children = (
				46DE248225665E1E001A9415 /* HomeViewController.swift */,
				4662B3BF2566620400F8C48B /* NextViewController.swift */,
				46F0C251256A315400B0FCEA /* showFullBudgetTableViewController.swift */,
				46F0C260256A755700B0FCEA /* AddTransactionViewController.swift */,
				467F53252571510C005E6DAE /* AllTransactionsViewController.swift */,
				46D764342572D274007ABD49 /* SelectBudgetViewController.swift */,
				465C6C8F2573C58E0006B5EC /* AllBudgetTransactionParentViewController.swift */,
				46A3D63C2577E933007BFCF2 /* homeAnalyticsViewController.swift */,
			);
			path = ViewController;
			sourceTree = "<group>";
		};
		46DE24B725665EBE001A9415 /* AppFile */ = {
			isa = PBXGroup;
			children = (
				46DE248025665E1E001A9415 /* SceneDelegate.swift */,
				46DE247E25665E1E001A9415 /* AppDelegate.swift */,
			);
			path = AppFile;
			sourceTree = "<group>";
		};
		46DE24B825665ECB001A9415 /* Storyboard */ = {
			isa = PBXGroup;
			children = (
				46DE248C25665E20001A9415 /* LaunchScreen.storyboard */,
				46DE248425665E1E001A9415 /* Main.storyboard */,
			);
			path = Storyboard;
			sourceTree = "<group>";
		};
		46F0C2082567ACB500B0FCEA /* extensions */ = {
			isa = PBXGroup;
			children = (
				46F0C2092567ACD600B0FCEA /* viewExtensions.swift */,
			);
			path = extensions;
			sourceTree = "<group>";
		};
		6F31A27DFF92B0E369323754 /* Frameworks */ = {
			isa = PBXGroup;
			children = (
				7B615AE3788EA968175C6AE0 /* Pods_BudgetOS.framework */,
				E3AEEC049F84AE2BEA6BE050 /* Pods_BudgetOS_BudgetOSUITests.framework */,
				9F49904BA4217A96FFE377D7 /* Pods_BudgetOSTests.framework */,
			);
			name = Frameworks;
			sourceTree = "<group>";
		};
		BB2576984042B67F6BFFCA61 /* Pods */ = {
			isa = PBXGroup;
			children = (
				0340046BBE96FF105DCF8E36 /* Pods-BudgetOS.debug.xcconfig */,
				EB27ACBC4A6DA255328DE3D0 /* Pods-BudgetOS.release.xcconfig */,
				1D2097B3570DCBBD20C325C2 /* Pods-BudgetOS-BudgetOSUITests.debug.xcconfig */,
				5B0641B2FF0B6B0AB2F71D85 /* Pods-BudgetOS-BudgetOSUITests.release.xcconfig */,
				6B5A3D9B1E7D509579ABDA68 /* Pods-BudgetOSTests.debug.xcconfig */,
				3DAA4A618D386AAFE755C093 /* Pods-BudgetOSTests.release.xcconfig */,
			);
			path = Pods;
			sourceTree = "<group>";
		};
/* End PBXGroup section */

/* Begin PBXNativeTarget section */
		46DE247A25665E1E001A9415 /* BudgetOS */ = {
			isa = PBXNativeTarget;
			buildConfigurationList = 46DE24A825665E20001A9415 /* Build configuration list for PBXNativeTarget "BudgetOS" */;
			buildPhases = (
				2864AEE7A9B87B92F5536781 /* [CP] Check Pods Manifest.lock */,
				46DE247725665E1E001A9415 /* Sources */,
				46DE247825665E1E001A9415 /* Frameworks */,
				46DE247925665E1E001A9415 /* Resources */,
			);
			buildRules = (
			);
			dependencies = (
			);
			name = BudgetOS;
			packageProductDependencies = (
				46A3D6332577E127007BFCF2 /* CareKitStore */,
				46A3D6352577E127007BFCF2 /* CareKit */,
				46A3D6372577E127007BFCF2 /* CareKitUI */,
			);
			productName = BudgetOS;
			productReference = 46DE247B25665E1E001A9415 /* BudgetOS.app */;
			productType = "com.apple.product-type.application";
		};
		46DE249325665E20001A9415 /* BudgetOSTests */ = {
			isa = PBXNativeTarget;
			buildConfigurationList = 46DE24AB25665E20001A9415 /* Build configuration list for PBXNativeTarget "BudgetOSTests" */;
			buildPhases = (
				8A5991AE62F78EC26506D8F2 /* [CP] Check Pods Manifest.lock */,
				46DE249025665E20001A9415 /* Sources */,
				46DE249125665E20001A9415 /* Frameworks */,
				46DE249225665E20001A9415 /* Resources */,
			);
			buildRules = (
			);
			dependencies = (
				46DE249625665E20001A9415 /* PBXTargetDependency */,
			);
			name = BudgetOSTests;
			productName = BudgetOSTests;
			productReference = 46DE249425665E20001A9415 /* BudgetOSTests.xctest */;
			productType = "com.apple.product-type.bundle.unit-test";
		};
		46DE249E25665E20001A9415 /* BudgetOSUITests */ = {
			isa = PBXNativeTarget;
			buildConfigurationList = 46DE24AE25665E20001A9415 /* Build configuration list for PBXNativeTarget "BudgetOSUITests" */;
			buildPhases = (
				2938F02ED3285D6CA43ABBBA /* [CP] Check Pods Manifest.lock */,
				46DE249B25665E20001A9415 /* Sources */,
				46DE249C25665E20001A9415 /* Frameworks */,
				46DE249D25665E20001A9415 /* Resources */,
			);
			buildRules = (
			);
			dependencies = (
				46DE24A125665E20001A9415 /* PBXTargetDependency */,
			);
			name = BudgetOSUITests;
			productName = BudgetOSUITests;
			productReference = 46DE249F25665E20001A9415 /* BudgetOSUITests.xctest */;
			productType = "com.apple.product-type.bundle.ui-testing";
		};
/* End PBXNativeTarget section */

/* Begin PBXProject section */
		46DE247325665E1E001A9415 /* Project object */ = {
			isa = PBXProject;
			attributes = {
				LastSwiftUpdateCheck = 1220;
				LastUpgradeCheck = 1220;
				TargetAttributes = {
					46DE247A25665E1E001A9415 = {
						CreatedOnToolsVersion = 12.2;
					};
					46DE249325665E20001A9415 = {
						CreatedOnToolsVersion = 12.2;
						TestTargetID = 46DE247A25665E1E001A9415;
					};
					46DE249E25665E20001A9415 = {
						CreatedOnToolsVersion = 12.2;
						TestTargetID = 46DE247A25665E1E001A9415;
					};
				};
			};
			buildConfigurationList = 46DE247625665E1E001A9415 /* Build configuration list for PBXProject "BudgetOS" */;
			compatibilityVersion = "Xcode 9.3";
			developmentRegion = en;
			hasScannedForEncodings = 0;
			knownRegions = (
				en,
				Base,
			);
			mainGroup = 46DE247225665E1E001A9415;
			packageReferences = (
				46A3D6322577E127007BFCF2 /* XCRemoteSwiftPackageReference "CareKit" */,
			);
			productRefGroup = 46DE247C25665E1E001A9415 /* Products */;
			projectDirPath = "";
			projectRoot = "";
			targets = (
				46DE247A25665E1E001A9415 /* BudgetOS */,
				46DE249325665E20001A9415 /* BudgetOSTests */,
				46DE249E25665E20001A9415 /* BudgetOSUITests */,
			);
		};
/* End PBXProject section */

/* Begin PBXResourcesBuildPhase section */
		46DE247925665E1E001A9415 /* Resources */ = {
			isa = PBXResourcesBuildPhase;
			buildActionMask = 2147483647;
			files = (
				46DE248E25665E20001A9415 /* LaunchScreen.storyboard in Resources */,
				46DE248B25665E20001A9415 /* Assets.xcassets in Resources */,
				46DE248625665E1E001A9415 /* Main.storyboard in Resources */,
			);
			runOnlyForDeploymentPostprocessing = 0;
		};
		46DE249225665E20001A9415 /* Resources */ = {
			isa = PBXResourcesBuildPhase;
			buildActionMask = 2147483647;
			files = (
			);
			runOnlyForDeploymentPostprocessing = 0;
		};
		46DE249D25665E20001A9415 /* Resources */ = {
			isa = PBXResourcesBuildPhase;
			buildActionMask = 2147483647;
			files = (
			);
			runOnlyForDeploymentPostprocessing = 0;
		};
/* End PBXResourcesBuildPhase section */

/* Begin PBXShellScriptBuildPhase section */
		2864AEE7A9B87B92F5536781 /* [CP] Check Pods Manifest.lock */ = {
			isa = PBXShellScriptBuildPhase;
			buildActionMask = 2147483647;
			files = (
			);
			inputFileListPaths = (
			);
			inputPaths = (
				"${PODS_PODFILE_DIR_PATH}/Podfile.lock",
				"${PODS_ROOT}/Manifest.lock",
			);
			name = "[CP] Check Pods Manifest.lock";
			outputFileListPaths = (
			);
			outputPaths = (
				"$(DERIVED_FILE_DIR)/Pods-BudgetOS-checkManifestLockResult.txt",
			);
			runOnlyForDeploymentPostprocessing = 0;
			shellPath = /bin/sh;
			shellScript = "diff \"${PODS_PODFILE_DIR_PATH}/Podfile.lock\" \"${PODS_ROOT}/Manifest.lock\" > /dev/null\nif [ $? != 0 ] ; then\n    # print error to STDERR\n    echo \"error: The sandbox is not in sync with the Podfile.lock. Run 'pod install' or update your CocoaPods installation.\" >&2\n    exit 1\nfi\n# This output is used by Xcode 'outputs' to avoid re-running this script phase.\necho \"SUCCESS\" > \"${SCRIPT_OUTPUT_FILE_0}\"\n";
			showEnvVarsInLog = 0;
		};
		2938F02ED3285D6CA43ABBBA /* [CP] Check Pods Manifest.lock */ = {
			isa = PBXShellScriptBuildPhase;
			buildActionMask = 2147483647;
			files = (
			);
			inputFileListPaths = (
			);
			inputPaths = (
				"${PODS_PODFILE_DIR_PATH}/Podfile.lock",
				"${PODS_ROOT}/Manifest.lock",
			);
			name = "[CP] Check Pods Manifest.lock";
			outputFileListPaths = (
			);
			outputPaths = (
				"$(DERIVED_FILE_DIR)/Pods-BudgetOS-BudgetOSUITests-checkManifestLockResult.txt",
			);
			runOnlyForDeploymentPostprocessing = 0;
			shellPath = /bin/sh;
			shellScript = "diff \"${PODS_PODFILE_DIR_PATH}/Podfile.lock\" \"${PODS_ROOT}/Manifest.lock\" > /dev/null\nif [ $? != 0 ] ; then\n    # print error to STDERR\n    echo \"error: The sandbox is not in sync with the Podfile.lock. Run 'pod install' or update your CocoaPods installation.\" >&2\n    exit 1\nfi\n# This output is used by Xcode 'outputs' to avoid re-running this script phase.\necho \"SUCCESS\" > \"${SCRIPT_OUTPUT_FILE_0}\"\n";
			showEnvVarsInLog = 0;
		};
		8A5991AE62F78EC26506D8F2 /* [CP] Check Pods Manifest.lock */ = {
			isa = PBXShellScriptBuildPhase;
			buildActionMask = 2147483647;
			files = (
			);
			inputFileListPaths = (
			);
			inputPaths = (
				"${PODS_PODFILE_DIR_PATH}/Podfile.lock",
				"${PODS_ROOT}/Manifest.lock",
			);
			name = "[CP] Check Pods Manifest.lock";
			outputFileListPaths = (
			);
			outputPaths = (
				"$(DERIVED_FILE_DIR)/Pods-BudgetOSTests-checkManifestLockResult.txt",
			);
			runOnlyForDeploymentPostprocessing = 0;
			shellPath = /bin/sh;
			shellScript = "diff \"${PODS_PODFILE_DIR_PATH}/Podfile.lock\" \"${PODS_ROOT}/Manifest.lock\" > /dev/null\nif [ $? != 0 ] ; then\n    # print error to STDERR\n    echo \"error: The sandbox is not in sync with the Podfile.lock. Run 'pod install' or update your CocoaPods installation.\" >&2\n    exit 1\nfi\n# This output is used by Xcode 'outputs' to avoid re-running this script phase.\necho \"SUCCESS\" > \"${SCRIPT_OUTPUT_FILE_0}\"\n";
			showEnvVarsInLog = 0;
		};
/* End PBXShellScriptBuildPhase section */

/* Begin PBXSourcesBuildPhase section */
		46DE247725665E1E001A9415 /* Sources */ = {
			isa = PBXSourcesBuildPhase;
			buildActionMask = 2147483647;
			files = (
				467F532B25715177005E6DAE /* AllTransactionsModel.swift in Sources */,
				46F0C22B25681E2500B0FCEA /* HomeView_TableViewTableViewCell.swift in Sources */,
				46737A732578CAC900768273 /* sortingFile.swift in Sources */,
				46F0C20425679F8000B0FCEA /* HomeView_DashboardView.swift in Sources */,
				46D7BB362572575A00AEC083 /* TransactionCollectionViewCell.swift in Sources */,
				46B9307C25729EF9003F1C61 /* selectCategory.swift in Sources */,
				46F0C2212568140300B0FCEA /* CategoryStruct.swift in Sources */,
				46F0C2352568A84B00B0FCEA /* AddCategory_baseCardView.swift in Sources */,
				46F0C244256929AE00B0FCEA /* BudgetCollectionViewCell.swift in Sources */,
				46F0C270256AA5B900B0FCEA /* TransactionsTableViewCell.swift in Sources */,
				46F0C252256A315400B0FCEA /* showFullBudgetTableViewController.swift in Sources */,
				46D764352572D274007ABD49 /* SelectBudgetViewController.swift in Sources */,
				4660F9D2256D7E4A00A372C5 /* DatabaseManager.swift in Sources */,
				4662B3C02566620400F8C48B /* NextViewController.swift in Sources */,
				464DA89F25700DAD0017DFF6 /* CategoryCollectionViewCell_TableModel.swift in Sources */,
				46F0C26B256A769500B0FCEA /* AddTransaction_baseCardView.swift in Sources */,
				46F0C261256A755700B0FCEA /* AddTransactionViewController.swift in Sources */,
				46F0C23A25691CB300B0FCEA /* HomeViewModelManager.swift in Sources */,
				46F0C2172567E5ED00B0FCEA /* CustomProperties.swift in Sources */,
				46A3D6502577F06F007BFCF2 /* Analytics.swift in Sources */,
				4688165C25715B79006D52D0 /* AllTransactionsTableViewCell.swift in Sources */,
				46DE248325665E1E001A9415 /* HomeViewController.swift in Sources */,
				465C6C902573C58E0006B5EC /* AllBudgetTransactionParentViewController.swift in Sources */,
				467F53002570BA18005E6DAE /* GradientHorizontalProgressBar.swift in Sources */,
				467F53262571510C005E6DAE /* AllTransactionsViewController.swift in Sources */,
				46F0C2262568162500B0FCEA /* Transactions.swift in Sources */,
				46F0C266256A761700B0FCEA /* AddTransactionModel.swift in Sources */,
				46F0C25C256A3C5900B0FCEA /* AddCategory_TableViewCell.swift in Sources */,
				46A3D63D2577E933007BFCF2 /* homeAnalyticsViewController.swift in Sources */,
				46DE247F25665E1E001A9415 /* AppDelegate.swift in Sources */,
				4693795B2577474E000F5326 /* AllBudgetView.swift in Sources */,
				46F0C257256A33E000B0FCEA /* showFullBudgetTableModel.swift in Sources */,
				4623A24F256C21C20003FE97 /* FormValidations.swift in Sources */,
				46937956257742F8000F5326 /* AllBudgetTransactionModel.swift in Sources */,
				467F53082570BAD5005E6DAE /* Budget_CustomTableViewCell.swift in Sources */,
				46D7643A2572D30A007ABD49 /* SelectBudgetModel.swift in Sources */,
				46F0C20A2567ACD600B0FCEA /* viewExtensions.swift in Sources */,
				46F0C2302568A5BD00B0FCEA /* AddBudgetModel.swift in Sources */,
				46DE248925665E1E001A9415 /* BudgetOS.xcdatamodeld in Sources */,
				46F0C23F25691FA500B0FCEA /* HomeView_Dashboard_1_CollectionViewCell.swift in Sources */,
				46DE248125665E1E001A9415 /* SceneDelegate.swift in Sources */,
				46737A6E25780F4B00768273 /* homeAnalyticsModel.swift in Sources */,
			);
			runOnlyForDeploymentPostprocessing = 0;
		};
		46DE249025665E20001A9415 /* Sources */ = {
			isa = PBXSourcesBuildPhase;
			buildActionMask = 2147483647;
			files = (
				46DE249925665E20001A9415 /* BudgetOSTests.swift in Sources */,
			);
			runOnlyForDeploymentPostprocessing = 0;
		};
		46DE249B25665E20001A9415 /* Sources */ = {
			isa = PBXSourcesBuildPhase;
			buildActionMask = 2147483647;
			files = (
				46DE24A425665E20001A9415 /* BudgetOSUITests.swift in Sources */,
			);
			runOnlyForDeploymentPostprocessing = 0;
		};
/* End PBXSourcesBuildPhase section */

/* Begin PBXTargetDependency section */
		46DE249625665E20001A9415 /* PBXTargetDependency */ = {
			isa = PBXTargetDependency;
			target = 46DE247A25665E1E001A9415 /* BudgetOS */;
			targetProxy = 46DE249525665E20001A9415 /* PBXContainerItemProxy */;
		};
		46DE24A125665E20001A9415 /* PBXTargetDependency */ = {
			isa = PBXTargetDependency;
			target = 46DE247A25665E1E001A9415 /* BudgetOS */;
			targetProxy = 46DE24A025665E20001A9415 /* PBXContainerItemProxy */;
		};
/* End PBXTargetDependency section */

/* Begin PBXVariantGroup section */
		46DE248425665E1E001A9415 /* Main.storyboard */ = {
			isa = PBXVariantGroup;
			children = (
				46DE248525665E1E001A9415 /* Base */,
			);
			name = Main.storyboard;
			sourceTree = "<group>";
		};
		46DE248C25665E20001A9415 /* LaunchScreen.storyboard */ = {
			isa = PBXVariantGroup;
			children = (
				46DE248D25665E20001A9415 /* Base */,
			);
			name = LaunchScreen.storyboard;
			sourceTree = "<group>";
		};
/* End PBXVariantGroup section */

/* Begin XCBuildConfiguration section */
		46DE24A625665E20001A9415 /* Debug */ = {
			isa = XCBuildConfiguration;
			buildSettings = {
				ALWAYS_SEARCH_USER_PATHS = NO;
				CLANG_ANALYZER_NONNULL = YES;
				CLANG_ANALYZER_NUMBER_OBJECT_CONVERSION = YES_AGGRESSIVE;
				CLANG_CXX_LANGUAGE_STANDARD = "gnu++14";
				CLANG_CXX_LIBRARY = "libc++";
				CLANG_ENABLE_MODULES = YES;
				CLANG_ENABLE_OBJC_ARC = YES;
				CLANG_ENABLE_OBJC_WEAK = YES;
				CLANG_WARN_BLOCK_CAPTURE_AUTORELEASING = YES;
				CLANG_WARN_BOOL_CONVERSION = YES;
				CLANG_WARN_COMMA = YES;
				CLANG_WARN_CONSTANT_CONVERSION = YES;
				CLANG_WARN_DEPRECATED_OBJC_IMPLEMENTATIONS = YES;
				CLANG_WARN_DIRECT_OBJC_ISA_USAGE = YES_ERROR;
				CLANG_WARN_DOCUMENTATION_COMMENTS = YES;
				CLANG_WARN_EMPTY_BODY = YES;
				CLANG_WARN_ENUM_CONVERSION = YES;
				CLANG_WARN_INFINITE_RECURSION = YES;
				CLANG_WARN_INT_CONVERSION = YES;
				CLANG_WARN_NON_LITERAL_NULL_CONVERSION = YES;
				CLANG_WARN_OBJC_IMPLICIT_RETAIN_SELF = YES;
				CLANG_WARN_OBJC_LITERAL_CONVERSION = YES;
				CLANG_WARN_OBJC_ROOT_CLASS = YES_ERROR;
				CLANG_WARN_QUOTED_INCLUDE_IN_FRAMEWORK_HEADER = YES;
				CLANG_WARN_RANGE_LOOP_ANALYSIS = YES;
				CLANG_WARN_STRICT_PROTOTYPES = YES;
				CLANG_WARN_SUSPICIOUS_MOVE = YES;
				CLANG_WARN_UNGUARDED_AVAILABILITY = YES_AGGRESSIVE;
				CLANG_WARN_UNREACHABLE_CODE = YES;
				CLANG_WARN__DUPLICATE_METHOD_MATCH = YES;
				COPY_PHASE_STRIP = NO;
				DEBUG_INFORMATION_FORMAT = dwarf;
				ENABLE_STRICT_OBJC_MSGSEND = YES;
				ENABLE_TESTABILITY = YES;
				GCC_C_LANGUAGE_STANDARD = gnu11;
				GCC_DYNAMIC_NO_PIC = NO;
				GCC_NO_COMMON_BLOCKS = YES;
				GCC_OPTIMIZATION_LEVEL = 0;
				GCC_PREPROCESSOR_DEFINITIONS = (
					"DEBUG=1",
					"$(inherited)",
				);
				GCC_WARN_64_TO_32_BIT_CONVERSION = YES;
				GCC_WARN_ABOUT_RETURN_TYPE = YES_ERROR;
				GCC_WARN_UNDECLARED_SELECTOR = YES;
				GCC_WARN_UNINITIALIZED_AUTOS = YES_AGGRESSIVE;
				GCC_WARN_UNUSED_FUNCTION = YES;
				GCC_WARN_UNUSED_VARIABLE = YES;
				IPHONEOS_DEPLOYMENT_TARGET = 14.2;
				MTL_ENABLE_DEBUG_INFO = INCLUDE_SOURCE;
				MTL_FAST_MATH = YES;
				ONLY_ACTIVE_ARCH = YES;
				SDKROOT = iphoneos;
				SWIFT_ACTIVE_COMPILATION_CONDITIONS = DEBUG;
				SWIFT_OPTIMIZATION_LEVEL = "-Onone";
			};
			name = Debug;
		};
		46DE24A725665E20001A9415 /* Release */ = {
			isa = XCBuildConfiguration;
			buildSettings = {
				ALWAYS_SEARCH_USER_PATHS = NO;
				CLANG_ANALYZER_NONNULL = YES;
				CLANG_ANALYZER_NUMBER_OBJECT_CONVERSION = YES_AGGRESSIVE;
				CLANG_CXX_LANGUAGE_STANDARD = "gnu++14";
				CLANG_CXX_LIBRARY = "libc++";
				CLANG_ENABLE_MODULES = YES;
				CLANG_ENABLE_OBJC_ARC = YES;
				CLANG_ENABLE_OBJC_WEAK = YES;
				CLANG_WARN_BLOCK_CAPTURE_AUTORELEASING = YES;
				CLANG_WARN_BOOL_CONVERSION = YES;
				CLANG_WARN_COMMA = YES;
				CLANG_WARN_CONSTANT_CONVERSION = YES;
				CLANG_WARN_DEPRECATED_OBJC_IMPLEMENTATIONS = YES;
				CLANG_WARN_DIRECT_OBJC_ISA_USAGE = YES_ERROR;
				CLANG_WARN_DOCUMENTATION_COMMENTS = YES;
				CLANG_WARN_EMPTY_BODY = YES;
				CLANG_WARN_ENUM_CONVERSION = YES;
				CLANG_WARN_INFINITE_RECURSION = YES;
				CLANG_WARN_INT_CONVERSION = YES;
				CLANG_WARN_NON_LITERAL_NULL_CONVERSION = YES;
				CLANG_WARN_OBJC_IMPLICIT_RETAIN_SELF = YES;
				CLANG_WARN_OBJC_LITERAL_CONVERSION = YES;
				CLANG_WARN_OBJC_ROOT_CLASS = YES_ERROR;
				CLANG_WARN_QUOTED_INCLUDE_IN_FRAMEWORK_HEADER = YES;
				CLANG_WARN_RANGE_LOOP_ANALYSIS = YES;
				CLANG_WARN_STRICT_PROTOTYPES = YES;
				CLANG_WARN_SUSPICIOUS_MOVE = YES;
				CLANG_WARN_UNGUARDED_AVAILABILITY = YES_AGGRESSIVE;
				CLANG_WARN_UNREACHABLE_CODE = YES;
				CLANG_WARN__DUPLICATE_METHOD_MATCH = YES;
				COPY_PHASE_STRIP = NO;
				DEBUG_INFORMATION_FORMAT = "dwarf-with-dsym";
				ENABLE_NS_ASSERTIONS = NO;
				ENABLE_STRICT_OBJC_MSGSEND = YES;
				GCC_C_LANGUAGE_STANDARD = gnu11;
				GCC_NO_COMMON_BLOCKS = YES;
				GCC_WARN_64_TO_32_BIT_CONVERSION = YES;
				GCC_WARN_ABOUT_RETURN_TYPE = YES_ERROR;
				GCC_WARN_UNDECLARED_SELECTOR = YES;
				GCC_WARN_UNINITIALIZED_AUTOS = YES_AGGRESSIVE;
				GCC_WARN_UNUSED_FUNCTION = YES;
				GCC_WARN_UNUSED_VARIABLE = YES;
				IPHONEOS_DEPLOYMENT_TARGET = 14.2;
				MTL_ENABLE_DEBUG_INFO = NO;
				MTL_FAST_MATH = YES;
				SDKROOT = iphoneos;
				SWIFT_COMPILATION_MODE = wholemodule;
				SWIFT_OPTIMIZATION_LEVEL = "-O";
				VALIDATE_PRODUCT = YES;
			};
			name = Release;
		};
		46DE24A925665E20001A9415 /* Debug */ = {
			isa = XCBuildConfiguration;
			baseConfigurationReference = 0340046BBE96FF105DCF8E36 /* Pods-BudgetOS.debug.xcconfig */;
			buildSettings = {
				ASSETCATALOG_COMPILER_APPICON_NAME = AppIcon;
				ASSETCATALOG_COMPILER_GLOBAL_ACCENT_COLOR_NAME = AccentColor;
				CODE_SIGN_STYLE = Automatic;
				DEVELOPMENT_TEAM = YVG3V79M76;
				INFOPLIST_FILE = BudgetOS/Info.plist;
				IPHONEOS_DEPLOYMENT_TARGET = 13.4;
				LD_RUNPATH_SEARCH_PATHS = (
					"$(inherited)",
					"@executable_path/Frameworks",
				);
				PRODUCT_BUNDLE_IDENTIFIER = com.BudgetIO.BudgetOS;
				PRODUCT_NAME = "$(TARGET_NAME)";
				SWIFT_VERSION = 5.0;
				TARGETED_DEVICE_FAMILY = "1,2";
			};
			name = Debug;
		};
		46DE24AA25665E20001A9415 /* Release */ = {
			isa = XCBuildConfiguration;
			baseConfigurationReference = EB27ACBC4A6DA255328DE3D0 /* Pods-BudgetOS.release.xcconfig */;
			buildSettings = {
				ASSETCATALOG_COMPILER_APPICON_NAME = AppIcon;
				ASSETCATALOG_COMPILER_GLOBAL_ACCENT_COLOR_NAME = AccentColor;
				CODE_SIGN_STYLE = Automatic;
				DEVELOPMENT_TEAM = YVG3V79M76;
				INFOPLIST_FILE = BudgetOS/Info.plist;
				IPHONEOS_DEPLOYMENT_TARGET = 13.4;
				LD_RUNPATH_SEARCH_PATHS = (
					"$(inherited)",
					"@executable_path/Frameworks",
				);
				PRODUCT_BUNDLE_IDENTIFIER = com.BudgetIO.BudgetOS;
				PRODUCT_NAME = "$(TARGET_NAME)";
				SWIFT_VERSION = 5.0;
				TARGETED_DEVICE_FAMILY = "1,2";
			};
			name = Release;
		};
		46DE24AC25665E20001A9415 /* Debug */ = {
			isa = XCBuildConfiguration;
			baseConfigurationReference = 6B5A3D9B1E7D509579ABDA68 /* Pods-BudgetOSTests.debug.xcconfig */;
			buildSettings = {
				ALWAYS_EMBED_SWIFT_STANDARD_LIBRARIES = YES;
				BUNDLE_LOADER = "$(TEST_HOST)";
				CODE_SIGN_STYLE = Automatic;
				DEVELOPMENT_TEAM = YVG3V79M76;
				INFOPLIST_FILE = BudgetOSTests/Info.plist;
				IPHONEOS_DEPLOYMENT_TARGET = 14.2;
				LD_RUNPATH_SEARCH_PATHS = (
					"$(inherited)",
					"@executable_path/Frameworks",
					"@loader_path/Frameworks",
				);
				PRODUCT_BUNDLE_IDENTIFIER = BudgetIO.BudgetOSTests;
				PRODUCT_NAME = "$(TARGET_NAME)";
				SWIFT_VERSION = 5.0;
				TARGETED_DEVICE_FAMILY = "1,2";
				TEST_HOST = "$(BUILT_PRODUCTS_DIR)/BudgetOS.app/BudgetOS";
			};
			name = Debug;
		};
		46DE24AD25665E20001A9415 /* Release */ = {
			isa = XCBuildConfiguration;
			baseConfigurationReference = 3DAA4A618D386AAFE755C093 /* Pods-BudgetOSTests.release.xcconfig */;
			buildSettings = {
				ALWAYS_EMBED_SWIFT_STANDARD_LIBRARIES = YES;
				BUNDLE_LOADER = "$(TEST_HOST)";
				CODE_SIGN_STYLE = Automatic;
				DEVELOPMENT_TEAM = YVG3V79M76;
				INFOPLIST_FILE = BudgetOSTests/Info.plist;
				IPHONEOS_DEPLOYMENT_TARGET = 14.2;
				LD_RUNPATH_SEARCH_PATHS = (
					"$(inherited)",
					"@executable_path/Frameworks",
					"@loader_path/Frameworks",
				);
				PRODUCT_BUNDLE_IDENTIFIER = BudgetIO.BudgetOSTests;
				PRODUCT_NAME = "$(TARGET_NAME)";
				SWIFT_VERSION = 5.0;
				TARGETED_DEVICE_FAMILY = "1,2";
				TEST_HOST = "$(BUILT_PRODUCTS_DIR)/BudgetOS.app/BudgetOS";
			};
			name = Release;
		};
		46DE24AF25665E20001A9415 /* Debug */ = {
			isa = XCBuildConfiguration;
			baseConfigurationReference = 1D2097B3570DCBBD20C325C2 /* Pods-BudgetOS-BudgetOSUITests.debug.xcconfig */;
			buildSettings = {
				ALWAYS_EMBED_SWIFT_STANDARD_LIBRARIES = YES;
				CODE_SIGN_STYLE = Automatic;
				DEVELOPMENT_TEAM = YVG3V79M76;
				INFOPLIST_FILE = BudgetOSUITests/Info.plist;
				LD_RUNPATH_SEARCH_PATHS = (
					"$(inherited)",
					"@executable_path/Frameworks",
					"@loader_path/Frameworks",
				);
				PRODUCT_BUNDLE_IDENTIFIER = BudgetIO.BudgetOSUITests;
				PRODUCT_NAME = "$(TARGET_NAME)";
				SWIFT_VERSION = 5.0;
				TARGETED_DEVICE_FAMILY = "1,2";
				TEST_TARGET_NAME = BudgetOS;
			};
			name = Debug;
		};
		46DE24B025665E20001A9415 /* Release */ = {
			isa = XCBuildConfiguration;
			baseConfigurationReference = 5B0641B2FF0B6B0AB2F71D85 /* Pods-BudgetOS-BudgetOSUITests.release.xcconfig */;
			buildSettings = {
				ALWAYS_EMBED_SWIFT_STANDARD_LIBRARIES = YES;
				CODE_SIGN_STYLE = Automatic;
				DEVELOPMENT_TEAM = YVG3V79M76;
				INFOPLIST_FILE = BudgetOSUITests/Info.plist;
				LD_RUNPATH_SEARCH_PATHS = (
					"$(inherited)",
					"@executable_path/Frameworks",
					"@loader_path/Frameworks",
				);
				PRODUCT_BUNDLE_IDENTIFIER = BudgetIO.BudgetOSUITests;
				PRODUCT_NAME = "$(TARGET_NAME)";
				SWIFT_VERSION = 5.0;
				TARGETED_DEVICE_FAMILY = "1,2";
				TEST_TARGET_NAME = BudgetOS;
			};
			name = Release;
		};
/* End XCBuildConfiguration section */

/* Begin XCConfigurationList section */
		46DE247625665E1E001A9415 /* Build configuration list for PBXProject "BudgetOS" */ = {
			isa = XCConfigurationList;
			buildConfigurations = (
				46DE24A625665E20001A9415 /* Debug */,
				46DE24A725665E20001A9415 /* Release */,
			);
			defaultConfigurationIsVisible = 0;
			defaultConfigurationName = Release;
		};
		46DE24A825665E20001A9415 /* Build configuration list for PBXNativeTarget "BudgetOS" */ = {
			isa = XCConfigurationList;
			buildConfigurations = (
				46DE24A925665E20001A9415 /* Debug */,
				46DE24AA25665E20001A9415 /* Release */,
			);
			defaultConfigurationIsVisible = 0;
			defaultConfigurationName = Release;
		};
		46DE24AB25665E20001A9415 /* Build configuration list for PBXNativeTarget "BudgetOSTests" */ = {
			isa = XCConfigurationList;
			buildConfigurations = (
				46DE24AC25665E20001A9415 /* Debug */,
				46DE24AD25665E20001A9415 /* Release */,
			);
			defaultConfigurationIsVisible = 0;
			defaultConfigurationName = Release;
		};
		46DE24AE25665E20001A9415 /* Build configuration list for PBXNativeTarget "BudgetOSUITests" */ = {
			isa = XCConfigurationList;
			buildConfigurations = (
				46DE24AF25665E20001A9415 /* Debug */,
				46DE24B025665E20001A9415 /* Release */,
			);
			defaultConfigurationIsVisible = 0;
			defaultConfigurationName = Release;
		};
/* End XCConfigurationList section */

/* Begin XCRemoteSwiftPackageReference section */
		46A3D6322577E127007BFCF2 /* XCRemoteSwiftPackageReference "CareKit" */ = {
			isa = XCRemoteSwiftPackageReference;
			repositoryURL = "https://github.com/carekit-apple/CareKit";
			requirement = {
				kind = upToNextMajorVersion;
				minimumVersion = 2.0.1;
			};
		};
/* End XCRemoteSwiftPackageReference section */

/* Begin XCSwiftPackageProductDependency section */
		46A3D6332577E127007BFCF2 /* CareKitStore */ = {
			isa = XCSwiftPackageProductDependency;
			package = 46A3D6322577E127007BFCF2 /* XCRemoteSwiftPackageReference "CareKit" */;
			productName = CareKitStore;
		};
		46A3D6352577E127007BFCF2 /* CareKit */ = {
			isa = XCSwiftPackageProductDependency;
			package = 46A3D6322577E127007BFCF2 /* XCRemoteSwiftPackageReference "CareKit" */;
			productName = CareKit;
		};
		46A3D6372577E127007BFCF2 /* CareKitUI */ = {
			isa = XCSwiftPackageProductDependency;
			package = 46A3D6322577E127007BFCF2 /* XCRemoteSwiftPackageReference "CareKit" */;
			productName = CareKitUI;
		};
/* End XCSwiftPackageProductDependency section */

/* Begin XCVersionGroup section */
		46DE248725665E1E001A9415 /* BudgetOS.xcdatamodeld */ = {
			isa = XCVersionGroup;
			children = (
				46DE248825665E1E001A9415 /* BudgetOS.xcdatamodel */,
			);
			currentVersion = 46DE248825665E1E001A9415 /* BudgetOS.xcdatamodel */;
			path = BudgetOS.xcdatamodeld;
			sourceTree = "<group>";
			versionGroupType = wrapper.xcdatamodel;
		};
/* End XCVersionGroup section */
	};
	rootObject = 46DE247325665E1E001A9415 /* Project object */;
}
